{
  "nodes": {
    "flake-compat": {
      "flake": false,
      "locked": {
        "lastModified": 1641205782,
        "narHash": "sha256-4jY7RCWUoZ9cKD8co0/4tFARpWB+57+r1bLLvXNJliY=",
        "owner": "edolstra",
        "repo": "flake-compat",
        "rev": "b7547d3eed6f32d06102ead8991ec52ab0a4f1a7",
        "type": "github"
      },
      "original": {
        "owner": "edolstra",
        "repo": "flake-compat",
        "type": "github"
      }
    },
    "flake-compat-ci": {
      "locked": {
        "lastModified": 1641672839,
        "narHash": "sha256-Bdwv+DKeEMlRNPDpZxSz0sSrqQBvdKO5fZ8LmvrgCOU=",
        "owner": "hercules-ci",
        "repo": "flake-compat-ci",
        "rev": "e832114bc18376c0f3fa13c19bf5ff253cc6570a",
        "type": "github"
      },
      "original": {
        "owner": "hercules-ci",
        "repo": "flake-compat-ci",
        "type": "github"
      }
    },
    "nixpkgs": {
      "locked": {
        "lastModified": 1643503720,
        "narHash": "sha256-tJic20ufuRnG8V+fTCd3YU6xl1ImxNspoEkXHct0AG4=",
        "owner": "NixOS",
        "repo": "nixpkgs",
        "rev": "0f316e4d72daed659233817ffe52bf08e081b5de",
        "type": "github"
      },
      "original": {
        "owner": "NixOS",
        "ref": "nixos-21.11",
        "repo": "nixpkgs",
        "type": "github"
      }
    },
    "root": {
      "inputs": {
        "flake-compat": "flake-compat",
        "flake-compat-ci": "flake-compat-ci",
        "nixpkgs": "nixpkgs"
      }
    }
  },
  "root": "root",
  "version": 7
}
